
Microsoft Visual Studio Solution File, Format Version 12.00
# Visual Studio Version 16
VisualStudioVersion = 16.0.29503.13
MinimumVisualStudioVersion = 10.0.40219.1
Project("{FAE04EC0-301F-11D3-BF4B-00C04F79EFBC}") = "WinAppDriver", "WinAppDriver\WinAppDriver.csproj", "{89B1B8E8-D070-4E1D-92E7-45280B2AA57A}"
EndProject
Global
	GlobalSection(SolutionConfigurationPlatforms) = preSolution
		Debug|Any CPU = Debug|Any CPU
		Release|Any CPU = Release|Any CPU
	EndGlobalSection
	GlobalSection(ProjectConfigurationPlatforms) = postSolution
		{89B1B8E8-D070-4E1D-92E7-45280B2AA57A}.Debug|Any CPU.ActiveCfg = Debug|Any CPU
		{89B1B8E8-D070-4E1D-92E7-45280B2AA57A}.Debug|Any CPU.Build.0 = Debug|Any CPU
		{89B1B8E8-D070-4E1D-92E7-45280B2AA57A}.Release|Any CPU.ActiveCfg = Release|Any CPU
		{89B1B8E8-D070-4E1D-92E7-45280B2AA57A}.Release|Any CPU.Build.0 = Release|Any CPU
	EndGlobalSection
	GlobalSection(SolutionProperties) = preSolution
		HideSolutionNode = FALSE
	EndGlobalSection
	GlobalSection(ExtensibilityGlobals) = postSolution
		SolutionGuid = {281A2CE8-CCB7-4694-9075-1E04A00AEC93}
	EndGlobalSection
EndGlobal
